
Microsoft Visual Studio Solution File, Format Version 12.00
# Visual Studio Version 17
VisualStudioVersion = 17.10.35027.167
MinimumVisualStudioVersion = 10.0.40219.1
Project("{9A19103F-16F7-4668-BE54-9A1E7A4F7556}") = "MailVoidApi", "MailVoidApi\MailVoidApi.csproj", "{3C87D35D-304F-483D-9A70-35047B12948C}"
EndProject
Project("{2150E333-8FDC-42A3-9474-1A3956D46DE8}") = "github", "github", "{EE73BCAA-E137-4FEE-986C-7517FA93B709}"
	ProjectSection(SolutionItems) = preProject
		..\.github\workflows\main.yml = ..\.github\workflows\main.yml
		..\README.md = ..\README.md
	EndProjectSection
EndProject
Project("{54A90642-561A-4BB1-A94E-469ADEE60C69}") = "void-web", "MailVoidWeb\void-web.esproj", "{7E25628A-EDC3-460E-ACD0-04E3640D4A2D}"
EndProject
Project("{9A19103F-16F7-4668-BE54-9A1E7A4F7556}") = "MailVoidSmtpServer", "MailVoidSmtpServer\MailVoidSmtpServer.csproj", "{B8E3F2A1-4F5C-4D2B-8A7E-1C3D5E7F9B2A}"
EndProject
Global
	GlobalSection(SolutionConfigurationPlatforms) = preSolution
		Debug|Any CPU = Debug|Any CPU
		Release|Any CPU = Release|Any CPU
	EndGlobalSection
	GlobalSection(ProjectConfigurationPlatforms) = postSolution
		{3C87D35D-304F-483D-9A70-35047B12948C}.Debug|Any CPU.ActiveCfg = Debug|Any CPU
		{3C87D35D-304F-483D-9A70-35047B12948C}.Debug|Any CPU.Build.0 = Debug|Any CPU
		{3C87D35D-304F-483D-9A70-35047B12948C}.Release|Any CPU.ActiveCfg = Release|Any CPU
		{3C87D35D-304F-483D-9A70-35047B12948C}.Release|Any CPU.Build.0 = Release|Any CPU
		{7E25628A-EDC3-460E-ACD0-04E3640D4A2D}.Debug|Any CPU.ActiveCfg = Debug|Any CPU
		{7E25628A-EDC3-460E-ACD0-04E3640D4A2D}.Debug|Any CPU.Build.0 = Debug|Any CPU
		{7E25628A-EDC3-460E-ACD0-04E3640D4A2D}.Debug|Any CPU.Deploy.0 = Debug|Any CPU
		{7E25628A-EDC3-460E-ACD0-04E3640D4A2D}.Release|Any CPU.ActiveCfg = Release|Any CPU
		{7E25628A-EDC3-460E-ACD0-04E3640D4A2D}.Release|Any CPU.Build.0 = Release|Any CPU
		{7E25628A-EDC3-460E-ACD0-04E3640D4A2D}.Release|Any CPU.Deploy.0 = Release|Any CPU
		{B8E3F2A1-4F5C-4D2B-8A7E-1C3D5E7F9B2A}.Debug|Any CPU.ActiveCfg = Debug|Any CPU
		{B8E3F2A1-4F5C-4D2B-8A7E-1C3D5E7F9B2A}.Debug|Any CPU.Build.0 = Debug|Any CPU
		{B8E3F2A1-4F5C-4D2B-8A7E-1C3D5E7F9B2A}.Release|Any CPU.ActiveCfg = Release|Any CPU
		{B8E3F2A1-4F5C-4D2B-8A7E-1C3D5E7F9B2A}.Release|Any CPU.Build.0 = Release|Any CPU
	EndGlobalSection
	GlobalSection(SolutionProperties) = preSolution
		HideSolutionNode = FALSE
	EndGlobalSection
	GlobalSection(ExtensibilityGlobals) = postSolution
		SolutionGuid = {939943FE-6F0A-4DF9-A713-D36AFF911A55}
	EndGlobalSection
EndGlobal
